{
  "name": "NEDBExamples",
  "version": "2.0.0",
  "lockfileVersion": 1,
  "requires": true,
  "dependencies": {
    "@seald-io/binary-search-tree": {
      "version": "1.0.2",
      "resolved": "https://registry.npmjs.org/@seald-io/binary-search-tree/-/binary-search-tree-1.0.2.tgz",
      "integrity": "sha512-+pYGvPFAk7wUR+ONMOlc6A+LUN4kOCFwyPLjyaeS7wVibADPHWYJNYsNtyIAwjF1AXQkuaXElnIc4XjKt55QZA=="
    },
    "@seald-io/nedb": {
      "version": "2.2.0",
      "resolved": "https://registry.npmjs.org/@seald-io/nedb/-/nedb-2.2.0.tgz",
      "integrity": "sha512-whkcx3hpcowNhoSEbIsrfe8TXxDwyj8SJJut2EqF7DSX2GGqQlL7Ix/vzwwOo4FJolzDhZD2DaUTVKmTQS3Rog==",
      "requires": {
        "@seald-io/binary-search-tree": "^1.0.2",
        "async": "0.2.10",
        "localforage": "^1.9.0"
      }
    },
    "async": {
      "version": "0.2.10",
      "resolved": "https://registry.npmjs.org/async/-/async-0.2.10.tgz",
      "integrity": "sha1-trvgsGdLnXGXCMo43owjfLUmw9E="
    },
    "immediate": {
      "version": "3.0.6",
      "resolved": "https://registry.npmjs.org/immediate/-/immediate-3.0.6.tgz",
      "integrity": "sha1-nbHb0Pr43m++D13V5Wu2BigN5ps="
    },
    "lie": {
      "version": "3.1.1",
      "resolved": "https://registry.npmjs.org/lie/-/lie-3.1.1.tgz",
      "integrity": "sha1-mkNrLMd0bKWd56QfpGmz77dr2H4=",
      "requires": {
        "immediate": "~3.0.5"
      }
    },
    "localforage": {
      "version": "1.10.0",
      "resolved": "https://registry.npmjs.org/localforage/-/localforage-1.10.0.tgz",
      "integrity": "sha512-14/H1aX7hzBBmmh7sGPd+AOMkkIrHM3Z1PAyGgZigA1H1p5O5ANnMyWzvpAETtG68/dC4pC0ncy3+PPGzXZHPg==",
      "requires": {
        "lie": "3.1.1"
      }
    },
    "nedb-promises": {
      "version": "5.0.1",
      "resolved": "https://registry.npmjs.org/nedb-promises/-/nedb-promises-5.0.1.tgz",
      "integrity": "sha512-dIE0C3crV9yeiXGWnseW4v4NIXHdcWjrmQHQuKAq2jJeqNGGMrLWJGmunPoapu5CO5btTY76hDt5FwsDRGioRw==",
      "requires": {
        "@seald-io/nedb": "^2.0.4"
      }
    }
  }
}
